
Microsoft Visual Studio Solution File, Format Version 12.00
# Visual Studio Version 17
VisualStudioVersion = 17.5.002.0
MinimumVisualStudioVersion = 10.0.40219.1
Project("{9A19103F-16F7-4668-BE54-9A1E7A4F7556}") = "eshop.api", "eshop.api.csproj", "{232116B9-B520-415D-A851-CC315AE6E5EA}"
EndProject
Global
	GlobalSection(SolutionConfigurationPlatforms) = preSolution
		Debug|Any CPU = Debug|Any CPU
		Release|Any CPU = Release|Any CPU
	EndGlobalSection
	GlobalSection(ProjectConfigurationPlatforms) = postSolution
		{232116B9-B520-415D-A851-CC315AE6E5EA}.Debug|Any CPU.ActiveCfg = Debug|Any CPU
		{232116B9-B520-415D-A851-CC315AE6E5EA}.Debug|Any CPU.Build.0 = Debug|Any CPU
		{232116B9-B520-415D-A851-CC315AE6E5EA}.Release|Any CPU.ActiveCfg = Release|Any CPU
		{232116B9-B520-415D-A851-CC315AE6E5EA}.Release|Any CPU.Build.0 = Release|Any CPU
	EndGlobalSection
	GlobalSection(SolutionProperties) = preSolution
		HideSolutionNode = FALSE
	EndGlobalSection
	GlobalSection(ExtensibilityGlobals) = postSolution
		SolutionGuid = {DFCFC5F6-6481-4F10-800C-B3D4B7744A91}
	EndGlobalSection
EndGlobal
